
Microsoft Visual Studio Solution File, Format Version 12.00
# Visual Studio Version 16
VisualStudioVersion = 16.0.32901.82
MinimumVisualStudioVersion = 10.0.40219.1
Project("{FAE04EC0-301F-11D3-BF4B-00C04F79EFBC}") = "GameEngine2", "GameEngine2.csproj", "{05217891-EB53-460F-A951-6615BAE2EA52}"
EndProject
Global
	GlobalSection(SolutionConfigurationPlatforms) = preSolution
		Debug|Any CPU = Debug|Any CPU
		Release|Any CPU = Release|Any CPU
	EndGlobalSection
	GlobalSection(ProjectConfigurationPlatforms) = postSolution
		{05217891-EB53-460F-A951-6615BAE2EA52}.Debug|Any CPU.ActiveCfg = Debug|Any CPU
		{05217891-EB53-460F-A951-6615BAE2EA52}.Debug|Any CPU.Build.0 = Debug|Any CPU
		{05217891-EB53-460F-A951-6615BAE2EA52}.Release|Any CPU.ActiveCfg = Release|Any CPU
		{05217891-EB53-460F-A951-6615BAE2EA52}.Release|Any CPU.Build.0 = Release|Any CPU
	EndGlobalSection
	GlobalSection(SolutionProperties) = preSolution
		HideSolutionNode = FALSE
	EndGlobalSection
	GlobalSection(ExtensibilityGlobals) = postSolution
		SolutionGuid = {CFE67E88-FBA7-4FAF-B91B-AB8F24E82D46}
	EndGlobalSection
EndGlobal
